#
# This file is autogenerated by pip-compile with Python 3.12
# by the following command:
#
#    pip-compile --generate-hashes --output-file=requirements.lock requirements.txt
#
attrs==26.1.0 \
    --hash=sha256:c647aa4a12dfbad9333ca4e71fe62ddc36f4e63b2d260a37a8b83d2f043ac309 \
    --hash=sha256:d03ceb89cb322a8fd706d4fb91940737b6642aa36998fe130a9bc96c985eff32
    # via
    #   -r requirements.txt
    #   jsonschema
    #   referencing
certifi==2026.7.22 \
    --hash=sha256:62f22742b58a1a33014a2b6b706588a8d7e2a88ae7bd1a6ebe8c992928483775 \
    --hash=sha256:741e2c3b351ddf169a738da9f2c048608ff7f2c5cc02f1ebc6b118bb090d5d55
    # via
    #   -r requirements.txt
    #   requests
charset-normalizer==3.4.9 \
    --hash=sha256:0327fcd59a935777d83410750c50600ee9571af2846f71ce40f25b13da1ef380 \
    --hash=sha256:03d07803992c6c7bbc976327f34b18b6160327fc81cb82c9d504720ac0be3b62 \
    --hash=sha256:04ce310cb89c15df659582aee80a0603788732a5e017d5bd5c81158106ce249c \
    --hash=sha256:0d861473f743244d349b50f850d10eb87aeb22bbdcc8e64f79273c94af5a8226 \
    --hash=sha256:0e94703ec9684807f20cfb5eed95c70f67f2a8f21ad620146d7b5a13677b93e5 \
    --hash=sha256:0fa1aec2d32bcc03c8fa0f6f1712caad1adc38509f31142112e5c9daf5b9c833 \
    --hash=sha256:16b65ea0f2465b6fb52aa22de5eca612aa964ddfec00a912e26f4656cbef890b \
    --hash=sha256:16d10d789dd9bcca1173c95af82c58433122564b7bc39385124be735a35cbe99 \
    --hash=sha256:19ac87f93086ce37b86e098888555c4b4bc48102279bae3350098c0ed664b501 \
    --hash=sha256:1d22856ffbe153a602df38e4a5464f0b748a54002e0d69ac6d2ad0a197cc99ec \
    --hash=sha256:21e764fd1e70b6a3e205a0e46f3051701f98a8cb3fad66eeb80e48bb502f8698 \
    --hash=sha256:231ddcbb35e2ff8973e1365db41fe0572662893b99a05deb183b68ad4c0c8bd4 \
    --hash=sha256:253a4a220747e8b5faf57ec320c4f5efb0cef05f647420bf267143ec15dba10a \
    --hash=sha256:280081916dc341820640489a66e4696049401ef1cf6dd672f672e70ad915aca3 \
    --hash=sha256:2a441ea71902098ffe78c5abe6c494f44160b4af614ed16c3d9a3b1d17fd8ee2 \
    --hash=sha256:304b13570067b2547562e308af560b3963857b1fa90bd6afd978130130fe2d6a \
    --hash=sha256:32286a2c8d167e897177b673176c1e3e00d4057caf5d2b64eef9a3666b03018e \
    --hash=sha256:33bdcc2a32c0a0e861f60841a512c8acc658c87c2ac59d89e3a46dacf7d866e4 \
    --hash=sha256:375b83ed0aecfce76c16d198fbc21f3b11b337d68662bea0a995046682a11419 \
    --hash=sha256:3c09a49d6cde137258beb3d551994a2927fd35ad5cf96aed573f61bbd67c5f84 \
    --hash=sha256:3d92613ec25e43b05f042302531ec0f00b8445190e43325880cbd6ab7c2581da \
    --hash=sha256:40a126142a56b2dfc0aacbad1de8310cbf60da7656db0e6b16eebd48e3e93519 \
    --hash=sha256:416c229f77e5ea25b3dfd4b582f8d73d7e43c22320302b9ab128a2d3a0b38efe \
    --hash=sha256:432786d3561e69aeeae6c7e8648964ce0ad05736120135601f87ac26b9c83381 \
    --hash=sha256:43b9e366a31fdd1c87d0eb08f579b4a82b723ea54338f040d6b4e518a026ea29 \
    --hash=sha256:440eede837960000d74978f0eba527be106b5b9aee0daf779d395276ed0b0614 \
    --hash=sha256:45b0cc4e3556cd875e09102988d1ab8356c998b596c9fced84547c8138b487a0 \
    --hash=sha256:476743fe6dfe14a2da12e3ac79125dc84a3b2cf8094369a47a1529b0cd8549fe \
    --hash=sha256:4773092f8019072343a7447203308b176e10199920eb02d6195e81bbb3274c29 \
    --hash=sha256:4b3dac63058cc36820b0dd072f89898604e2d39686fe05321729d00d8ac185a0 \
    --hash=sha256:4d1c96a7a18b9690a4d46df09e3e3382406ae3213727cd1019ebade1c4a81917 \
    --hash=sha256:51307f5c71007673a2bf8232ad973483d281e74cb99c8c5a990af1eefa6277d9 \
    --hash=sha256:51447e9aa2684679af07ca5021c3db526e0284347ebf4ffcec1154c3350cfe32 \
    --hash=sha256:58150c9f9b9a552505912d182ccdf26f6396fb6094816ceebcbb20eecabaed94 \
    --hash=sha256:5b10cd92fc5c498b35a8635df6d5a100207f88b63a4dc1de7ef9a548e1e2cd63 \
    --hash=sha256:5e226f6218febc71f6c1fc2fafb91c226f75bdc1d8fb12d66823716e891608fd \
    --hash=sha256:609b3ba8fcc0fb5ab7af00719d0fb6ad0cb518e48e7712d12fd68f1327951198 \
    --hash=sha256:60f44ade2cf573dad7a277e6f8ca9a51a21dda572b13bd7d8539bb3cd5dbedde \
    --hash=sha256:611057cc5d5c0afc743ba8be6bd828c17e0aaa8643f9d0a9b9bb7dea80eb8012 \
    --hash=sha256:6366a16e1a25018694d6a5d784d09b046edc9eac40ea2b54065c3052672516a1 \
    --hash=sha256:65a7ff3f705e57d392f7261b6d0550fe137c3019477431f1c355e0db0a7d3e15 \
    --hash=sha256:673611bbd43f0810bec0b0f028ddeaaa501190339cac411f347ac76917c3ae7b \
    --hash=sha256:67830fc78e67501f47bb950471b2dcb9b35b140084429318e862895a8e89c993 \
    --hash=sha256:68ce9f4d6b26d5ccbf7fd4459bf75f74a0a146677ebba80597df60cbdb20e6f4 \
    --hash=sha256:68e5f26a1ad57ded6d1cfb85331d1c1a195314756471d97758c48498bb4dcdf5 \
    --hash=sha256:69b157c5d3292bcd443faca052f3096f637f1e074b98212a933c074ae23dc3b8 \
    --hash=sha256:75286256590a6320cf106a0d28970d3560aad9ee09aa7b34fb40524792436d35 \
    --hash=sha256:78841cccf1af7b40f6f716338d50c0902dbe88d9f800b3c973b7a9a0a693a642 \
    --hash=sha256:78fa18e436a1a0e58dbd7e02fc4473f3f32cceb12df9dfca542d075961c307d2 \
    --hash=sha256:79580094b00d1789d1f93ea55bc43cb2f611910c72235b7657f3482ddcc1b22d \
    --hash=sha256:7b86a2b16095d250c6f58b3d9b2eee6f4147754344f3dab0922f7c9bf7d226c9 \
    --hash=sha256:83aed2c10721ddd90f68140685391b50811a880af20654c59af6b6c66c40513c \
    --hash=sha256:84fd18bcc17526fc2b3c1af7d2b9217d32c9c04448c16ec693b9b4f1985c3d33 \
    --hash=sha256:871ff67ea1aad4dfd91736464934d56b32dac49f9fbe16cddba36198a7b3a0db \
    --hash=sha256:898f0e9068ca27d37f8e83a5b962821df851532e6c4a7d615c1c033f9da6eedf \
    --hash=sha256:8a79d9f4d8001473a30c163556b3c3bfebec837495a412dde78b51672f6134f9 \
    --hash=sha256:8c041122946b7ba21bb32c45b1aa57b1be35527690aeb3c5c234521085632eee \
    --hash=sha256:90c44bc373b7687f6948b693cceaea1348ae0975d7474746559494468e3c1d84 \
    --hash=sha256:9104ed0bd76a429d46f9ec0dbc9b08ad1d2dcdf2b00a5a0daa1c145329b35b44 \
    --hash=sha256:920079c3f7456fa213e0829ed2073aaa727fd39d889ead5b4f35d0de5460d04f \
    --hash=sha256:93d59d504b230e83c7a843251681959a0b6a9cd76f6e146ce1b8a80eb8739af9 \
    --hash=sha256:9b2aff1c7b3884512b9512c3eaadd9bab39fb45042ffaaa1dd08ff2b9f8109d9 \
    --hash=sha256:9b8e0f3107e2200b76f6054de99016eac3ee6762713587b36baaa7e4bd2ae177 \
    --hash=sha256:9bb41182d93ea91f60b4bc8fbf4c820c69ef8a12ab2d917f3f1834f1acad07e8 \
    --hash=sha256:9cdef90ae47919cae358d8ab15797a800ed41da7aba5d72419fb510729e2ed4b \
    --hash=sha256:a1786910334ed46ab1dd73222f2cd1e05c2c3bb39f6dddb4f8b36fc382058a39 \
    --hash=sha256:a4cfde78a9f2880208d16a93b795726a3017d5977e08d1e162a7a31322479c41 \
    --hash=sha256:a4fbdde9dd4a9ce5fd52c2b3a347bb50cc89483ef783f1cb00d408c13f7a96c0 \
    --hash=sha256:aa99adc8f081b475a12843953db36831eaf83ec33eb46a90629ca6a5de45a616 \
    --hash=sha256:ac351b3b8014eead140e77e9717e2992c6bbe30b63bc3422422eb84865412e3d \
    --hash=sha256:ad41ba96094304aa090f5a30cb6e4fb3b3f1c264c523394b4c39bbacc4dc92ba \
    --hash=sha256:b5314963fce9b0b12743891de876e724997864ee22aa496f903f426c7e2fa5b2 \
    --hash=sha256:bcf74c1df76758a395bf0af608c04c82257523f55c9868b334f06270d0f2112b \
    --hash=sha256:bd47ba7fc3ca94896759ea0109775132d3e7ab921fbf54038e1bab2e46c313c9 \
    --hash=sha256:c0323c9daef75ef2e5083624b4585018a0c9d5e3b40f607eed81a311270b934b \
    --hash=sha256:c1225416b463483160e4af85d5fc3a9690ccb53fd4b1865a6437825f5ede3209 \
    --hash=sha256:c1c948747b03be832dceed96ca815cef7360de9aa19d37c730f8e3f6101aca48 \
    --hash=sha256:c25fe15c70c59eb7c5ce8c06a1f3fa1da0ecc5ea1e7a5922c40fd2fa9b0d5046 \
    --hash=sha256:cc1b0fff8ead343dae06305f954eb8468ba0ec1a97881f42489d198e4ce3c632 \
    --hash=sha256:cd6280cf040f233bd7d3407b743b4b4c74f70e8e1c4199cb112a62c941c0772a \
    --hash=sha256:cd6c3d4b783c556fa00bf540854e42f135e2f256abd29669fcd0da0f2dec79c2 \
    --hash=sha256:d4d6fcde76f94f5cb9e43e9e9a61f16dacefd228cbbf6f1a09bd9b219a92f1a1 \
    --hash=sha256:ddf4af30b417d9fe16481e9b81c27ab2a7cde1ff7ba3e85653b02db7d145dc7b \
    --hash=sha256:df115d4d83168fdf2cae48ef1ff6d1cb4c466364e30861b37121de0f3bf1b990 \
    --hash=sha256:df7276909358e5635ae203673ab7e509ddd224225a8d6b0790bf13eb2bde1cc5 \
    --hash=sha256:e4fd89cc178bced6ad29cb3e6dd4aa63fa5017c3524dbd0b25998fb64a87cc8b \
    --hash=sha256:e9701d0049d92c16703a42771b98d560b95248949f23f8cf7b4eddd201814fb9 \
    --hash=sha256:ee2f2a527e3c1a6e6411eb4209642e138b544a2d72fe5d0d76daf77b24063534 \
    --hash=sha256:f7fb7d750cfa0a070d2c24e831fd3481019a60dd317ea2b39acbcebc08b6ed81 \
    --hash=sha256:f840ed6d8ecba8255df8c42b87fadeda98ddfc6eeec05e2dc66e26d46dd6f58a \
    --hash=sha256:f86c6358749bd4fda175388691e3ba8c46e24c5347d0afd20f9b7edfc9faf07d \
    --hash=sha256:fa36ec09ef71d158186bc79e359ff5fdd6e7996fe8ab638f00d6b93139ba4fcf \
    --hash=sha256:fe2c7201c642b7c308f1675355ad7ff7b66acfe3541625efe5a3ad38f29d6115
    # via
    #   -r requirements.txt
    #   requests
idna==3.18 \
    --hash=sha256:7f952cbe720b688055e3f87de14f5c3e5fdaa8bc3928985c4077ca689de849a2 \
    --hash=sha256:ffb385a7e039654cef1ab9ef32c6fafe283c0c0467bba1d9029738ce4a14a848
    # via
    #   -r requirements.txt
    #   requests
jsonschema==4.25.1 \
    --hash=sha256:3fba0169e345c7175110351d456342c364814cfcf3b964ba4587f22915230a63 \
    --hash=sha256:e4a9655ce0da0c0b67a085847e00a3a51449e1157f4f75e9fb5aa545e122eb85
    # via -r requirements.txt
jsonschema-specifications==2025.9.1 \
    --hash=sha256:98802fee3a11ee76ecaca44429fda8a41bff98b00a0f2838151b113f210cc6fe \
    --hash=sha256:b540987f239e745613c7a9176f3edb72b832a4ac465cf02712288397832b5e8d
    # via jsonschema
pyrsistent==0.20.0 \
    --hash=sha256:0724c506cd8b63c69c7f883cc233aac948c1ea946ea95996ad8b1380c25e1d3f \
    --hash=sha256:09848306523a3aba463c4b49493a760e7a6ca52e4826aa100ee99d8d39b7ad1e \
    --hash=sha256:0f3b1bcaa1f0629c978b355a7c37acd58907390149b7311b5db1b37648eb6958 \
    --hash=sha256:21cc459636983764e692b9eba7144cdd54fdec23ccdb1e8ba392a63666c60c34 \
    --hash=sha256:2e14c95c16211d166f59c6611533d0dacce2e25de0f76e4c140fde250997b3ca \
    --hash=sha256:2e2c116cc804d9b09ce9814d17df5edf1df0c624aba3b43bc1ad90411487036d \
    --hash=sha256:4021a7f963d88ccd15b523787d18ed5e5269ce57aa4037146a2377ff607ae87d \
    --hash=sha256:4c48f78f62ab596c679086084d0dd13254ae4f3d6c72a83ffdf5ebdef8f265a4 \
    --hash=sha256:4f5c2d012671b7391803263419e31b5c7c21e7c95c8760d7fc35602353dee714 \
    --hash=sha256:58b8f6366e152092194ae68fefe18b9f0b4f89227dfd86a07770c3d86097aebf \
    --hash=sha256:59a89bccd615551391f3237e00006a26bcf98a4d18623a19909a2c48b8e986ee \
    --hash=sha256:5cdd7ef1ea7a491ae70d826b6cc64868de09a1d5ff9ef8d574250d0940e275b8 \
    --hash=sha256:6288b3fa6622ad8a91e6eb759cfc48ff3089e7c17fb1d4c59a919769314af224 \
    --hash=sha256:6d270ec9dd33cdb13f4d62c95c1a5a50e6b7cdd86302b494217137f760495b9d \
    --hash=sha256:79ed12ba79935adaac1664fd7e0e585a22caa539dfc9b7c7c6d5ebf91fb89054 \
    --hash=sha256:7d29c23bdf6e5438c755b941cef867ec2a4a172ceb9f50553b6ed70d50dfd656 \
    --hash=sha256:8441cf9616d642c475684d6cf2520dd24812e996ba9af15e606df5f6fd9d04a7 \
    --hash=sha256:881bbea27bbd32d37eb24dd320a5e745a2a5b092a17f6debc1349252fac85423 \
    --hash=sha256:8c3aba3e01235221e5b229a6c05f585f344734bd1ad42a8ac51493d74722bbce \
    --hash=sha256:a14798c3005ec892bbada26485c2eea3b54109cb2533713e355c806891f63c5e \
    --hash=sha256:b14decb628fac50db5e02ee5a35a9c0772d20277824cfe845c8a8b717c15daa3 \
    --hash=sha256:b318ca24db0f0518630e8b6f3831e9cba78f099ed5c1d65ffe3e023003043ba0 \
    --hash=sha256:c1beb78af5423b879edaf23c5591ff292cf7c33979734c99aa66d5914ead880f \
    --hash=sha256:c55acc4733aad6560a7f5f818466631f07efc001fd023f34a6c203f8b6df0f0b \
    --hash=sha256:ca52d1ceae015859d16aded12584c59eb3825f7b50c6cfd621d4231a6cc624ce \
    --hash=sha256:cae40a9e3ce178415040a0383f00e8d68b569e97f31928a3a8ad37e3fde6df6a \
    --hash=sha256:e78d0c7c1e99a4a45c99143900ea0546025e41bb59ebc10182e947cf1ece9174 \
    --hash=sha256:ef3992833fbd686ee783590639f4b8343a57f1f75de8633749d984dc0eb16c86 \
    --hash=sha256:f058a615031eea4ef94ead6456f5ec2026c19fb5bd6bfe86e9665c4158cf802f \
    --hash=sha256:f5ac696f02b3fc01a710427585c855f65cd9c640e14f52abe52020722bb4906b \
    --hash=sha256:f920385a11207dc372a028b3f1e1038bb244b3ec38d448e6d8e43c6b3ba20e98 \
    --hash=sha256:fed2c3216a605dc9a6ea50c7e84c82906e3684c4e80d2908208f662a6cbf9022
    # via -r requirements.txt
pywin32==312 \
    --hash=sha256:02ebca0f0242b75292e218065004310d6a477407c09fa449bfe4f6022bc0c0fc \
    --hash=sha256:17948aeadbdb091f0ced6ef0841620794e68327b94ee415571c1203594b7215c \
    --hash=sha256:3020656e34f1cf7faeb7bccd2b84653a607c6ff0c55ada85e6487d61716deabd \
    --hash=sha256:59aba5d5940842075343a5ddc6b11f1cdf0d1567fe745290359dfbcc7c2eb831 \
    --hash=sha256:5c1fbe4a937a73ae9297384a3da38518cbc694c68ad8a809b2e19acd350f03ed \
    --hash=sha256:5dbc35d2b5320dc07f25fa31269cfb767471002b17de5eb067d03da68c7cb2db \
    --hash=sha256:6017c58e12f6809fbb0555b75df144c2922a9ffd18e4b9b5afa863b6c1a9d950 \
    --hash=sha256:772235332b5d1024c696f11cea1ae4be7930f0a8b894bb43db14e3f435f1ff7e \
    --hash=sha256:7a27df850933d16a8eabfbaeb73d52b273e2da667f80d70b01a89d1f6828d02c \
    --hash=sha256:9fce94568364e0155e6dfb781ac5d95903be8baf28670632beab1b523f300daa \
    --hash=sha256:a4dd3a848290ef724347b19f301045831d8e802fa4464f491b98b1e0a081432e \
    --hash=sha256:a77a90fbb6881238d2ca9c6fd797b25817f3768fe78d214a90137ff055a75f5b \
    --hash=sha256:a8597d28f267b39074aef51fa593530082b39cbe5a074226096857b1fed2dfb9 \
    --hash=sha256:b2200a054ca6d6625c4842fc56a4976a4b47f96b73dbe5538c3f813a80359f47 \
    --hash=sha256:b457f6d628a47e8a7346ce22acb7e1a46a4a78b52e1d17e1af56871bd19a93bc \
    --hash=sha256:c2f03a0f73f804a13c2735b99392b0cd426bb4f2c4d0178e5ac966a0f21618d5 \
    --hash=sha256:c53e878d15a1c44788082bfe712a905433473aa38f86375b7cf8b45e3acbaaf9 \
    --hash=sha256:d11417d84412f859b722fad0841b3614459ed0047f7542d8362e77884f6b6e8a \
    --hash=sha256:d620900033cc7531e50727c3c8333091df5dd3ffe6d68cdca38c03f5821408d5 \
    --hash=sha256:dab4f65ac9c4e48400a2a0530c46c3c579cd5905ecd11b80692373915269208b \
    --hash=sha256:dc90147579a905b8635e1b0ec6514967dcb07e6e0d9c42f1477feef14cac23bb
    # via -r requirements.txt
referencing==0.37.0 \
    --hash=sha256:381329a9f99628c9069361716891d34ad94af76e461dcb0335825aecc7692231 \
    --hash=sha256:44aefc3142c5b842538163acb373e24cce6632bd54bdb01b21ad5863489f50d8
    # via
    #   jsonschema
    #   jsonschema-specifications
requests==2.34.2 \
    --hash=sha256:2a0d60c172f83ac6ab31e4554906c0f3b3588d37b5cb939b1c061f4907e278e0 \
    --hash=sha256:f288924cae4e29463698d6d60bc6a4da69c89185ad1e0bcc4104f584e960b9ed
    # via -r requirements.txt
rpds-py==2026.5.1 \
    --hash=sha256:01d17b29c0c23d82b1f4751147ec49cf451f1fc2554eb9ef5f957e55d2656ead \
    --hash=sha256:036a36a87fb1cd3b214d11c4b3c4f7d2ddad933625dca1c900b56a057c07740a \
    --hash=sha256:0408a24e44feb919423dc6d9da677cb5cddb894d2ca9e763967d156d9c60fab4 \
    --hash=sha256:07b24fea40541e28570e5b795a4a38fbdcd12550c06bd0748005ecc8116ca256 \
    --hash=sha256:0957cf3c2b8632ec7aaebffebea8005b353cc2a237b6e2ae3c2cac0820704cfb \
    --hash=sha256:0a5ae4dbe43c1076983b72616496919872ae7bbe7a1e21cc48336bc3154d130b \
    --hash=sha256:0a7d1eec967df0e9b22614a5e177622e0c89611d03727fa0cb48e45028907870 \
    --hash=sha256:0b35217adefe87f2fe4db7e9766cabe84744bfe9616d9667be18988928c7f2dc \
    --hash=sha256:0fa92420128dadce7f54bd73ba1825a273e9268fe9e35dbf7e6362890efa4e08 \
    --hash=sha256:141c9498daf2ace9eda35d2b0e376f9ea8b058d84f2aef4f96fccfd449a2f251 \
    --hash=sha256:1841d067089e117142d79b98aa0df2f08b52f2ecc1819dd2700636c0db74a473 \
    --hash=sha256:19cb09fab7b7fc96b2a6e28f2e34b72a3705ff27b37edb77455316e5d3f3dc9b \
    --hash=sha256:1c27c5f6102eac8c03e7595a00827a53b271ba40a53b59ff8709170e0855ea4a \
    --hash=sha256:1ebb2f0ab7e16132995a72de805170e0203df0c3dd22e1ef1cd1fdd90bd7a131 \
    --hash=sha256:1f2c391c3059798093b65df23aca2cac150460ae9c630d99dec83d703d9485b9 \
    --hash=sha256:205dde846f24332ab0c1188699a043b8d165b79bb84529ce272c45048ff6be01 \
    --hash=sha256:21846aac0ed2e0589f38c12dc44e77bb64e494b771eadbcf169cba00566ba7ba \
    --hash=sha256:21942f52dbbd5f8758bf021213d28bd45c39e873e65e2407faf5f1846f5761ad \
    --hash=sha256:277f6c82f0580848796c7ecc8a7173aa3bfb928e4ff831261c2f60a81dc270db \
    --hash=sha256:27b74c10ed6a8f190f4287f53bcfea348b92a84a9c9f70d30183d1e6172d580d \
    --hash=sha256:296c799becfa849c779c8725494fe9ed94959ed886787df4364b058465bad7f0 \
    --hash=sha256:2c595a1d9255dce0599e13130d1440ab2506654f2b50294226ee06402f8fef63 \
    --hash=sha256:2c817a189d4ee14290420e5ff051e4dd6baa13f3edf84685071dee07a6d538ee \
    --hash=sha256:2d88621d6a7d4dfa633d21abe90f280bb205274e16b1d1e61c6ad4640b2453b7 \
    --hash=sha256:3350ec808fb538fe71a1f94dfaa0e29c598dfad805ce49f0caec5ae3183c652b \
    --hash=sha256:3397a5ed7174dc2786bb214030232fc36fe8e5584fec43a9952cc542b1a12036 \
    --hash=sha256:3574b55c604b8f75dacb007136508bbc0db406e626301778096a133327e7f2fb \
    --hash=sha256:3609e9939a8a76cd904cf98a3f1f13b5dc7e150adeaee89e0ea09652ea213e16 \
    --hash=sha256:3684a59b158a7683aaeb8e25352e9a9dd2122cec78f2d8530266e4f91b4c7b3f \
    --hash=sha256:3966b82dd563176396df030f3dd52a6e54cb69b718e95e78bd555ed3d1e0185d \
    --hash=sha256:3abe24a66e57adcfa645d718063a5fa5103ecc71ddbf26d78af8f9368018ff1d \
    --hash=sha256:40ff257542e04796880e011e15cd4dc21c2599975df2aaa8f2c8495ca574e1a5 \
    --hash=sha256:413b424f7c4ee65ab5e5be91f5731be0f8b41a1ee2b12dfe810d716312e95a78 \
    --hash=sha256:42d0f20e85e549c870749d0e247f0c10d318a45b7e9676d575d2dcb04a1b2e66 \
    --hash=sha256:43bca78665423cabae77146f2fe7ce55272b6c8d55d82cca83effd42c7e13972 \
    --hash=sha256:453895624ecf7db7063b1004e44037522bbaef9ff6a945e59bc71662d7a03abd \
    --hash=sha256:4860b603ddda0475a8885499b3729e90229d480105b42651962a5397d995fa89 \
    --hash=sha256:4be8b1d2a705cc37d08256004e1d07de143fa0075c8e85a3df020b776f62b732 \
    --hash=sha256:4e237e139f94d3c036fd28eb9f564c99055476ff4ff05cd42be55ce349b5aa02 \
    --hash=sha256:4fb8d2e7cb2f850b169806d61d1b991738acec96500a75c30f49caf064ce7cef \
    --hash=sha256:55d8f9b7b78c9538fc9e04e82ec0e888ff0c3cffcfad152c77e57cd09351a98a \
    --hash=sha256:58b1d94308ddf0b1982f61f2eb54bf92997c9ece8a8093ef014250f4a517906c \
    --hash=sha256:5d333a7127d4b307601ac37792bee01bb95c867cbfacf21b6375b804d6bbd723 \
    --hash=sha256:613fc4ee9eaef26dc5840666214dd6fbcebcf32f46e76f4abc473059f4e13dda \
    --hash=sha256:6142dbd80c4df62a5d899f0d616d417f84e0bc8d32526c8e5589019d75d028a7 \
    --hash=sha256:62ae3853454fe9ef283a03c96c2d835d39e84b14643a9d62c82ef0fb87d702ca \
    --hash=sha256:63c2c4c213f1a4e3f3de28ecab029dbdee976324e729c0d7a55211be72576b02 \
    --hash=sha256:656a042550878f12d45752452d47094b7cfe5ad1e9d7b87b5a22ad3ae5ff8015 \
    --hash=sha256:66c93681c4729e4e3ecba31b8179fae083ff3118841672835140338b4b9867c1 \
    --hash=sha256:6736718bd4fc49cbcb538ba30516fdbef161522acefb739657d48b97bd864fed \
    --hash=sha256:68700371c5d7ae1412862ddfa719090925c93ecf351c566d66f09d04b136ea00 \
    --hash=sha256:6c3d771a46ec18b12af06ce36243a9a80b07a5d0515236332d90863ca8bb326a \
    --hash=sha256:6c7fcf61d44cacecaf3aea542b0e053db77972a4573e7ceda16fb2b399161195 \
    --hash=sha256:6f249f8b860a200ad35193af961183ebe9132710484e6f6ce0cf89fd83c63a9a \
    --hash=sha256:73c4bd4f70294737b5206a3e8e30ccadbf8a60301831c8ea23eec5dbeea1ecfa \
    --hash=sha256:7559f72b94ae52659086c595dfa017cde03155f7832071d30959049052cb3ece \
    --hash=sha256:75808f6c38ce7749bb68cc2770161aae5045e6c6f6781a9782e74b93304399df \
    --hash=sha256:77c004fdc7b891967106f78ddfd7b076bfe6813c6139c6fff6aed3bcaa960b26 \
    --hash=sha256:7818f8d0a415be74d2be3590b0a1c1f463a642f4d0217e7d10602dceef5b79aa \
    --hash=sha256:7944270ae71383f6e2657dd7d5ce4eeb4ac2d0059a6738f0510583d462ab4842 \
    --hash=sha256:7bd530e6a530bb3ea892f194fafa455f3516ac25ecf7143fd33c09be62b0470a \
    --hash=sha256:8213afbe8a3a906fb9acb2014423fe3359ee783d0bf90995f70623a3217bfa6c \
    --hash=sha256:83bcf894486c9d78dd290d3c0124ff6dd8875d3025e2090a8ec49fcc37c55fdd \
    --hash=sha256:85264a90ff4c05c1568dd65f5921c837614b67c60358fb4c17df3b7f2e90690a \
    --hash=sha256:88647f43a73c4e01be19b04ceef0c8d3a1958153604d13c773becd8016f2a0cf \
    --hash=sha256:8895840ac4809e5f60c88fd07617cd71326e73d6e5a8aa783c5c0f7c24985de2 \
    --hash=sha256:8ba264fa49be666cd9cc56bf34ec7002fb3d27a4aee5bcb4d43d0d18feb1bb6f \
    --hash=sha256:8bff7073db3899158fff55ebf57b113a67030af26f80a18978f9f0aa60250ddf \
    --hash=sha256:8c43a8a973270fd173bf48cdf80bbe66312421cba68d40845034f174f2389049 \
    --hash=sha256:90bd6630002a1c7f09e7843dd79f0d24f3d2897cc25a753480917865d14f15b3 \
    --hash=sha256:90f628283be835db980c941767d41c9a27b5239e54ba0a9c1335247e82406964 \
    --hash=sha256:94068eb3ae6d43f5a786b7db96a406a34e6d5c24489feef32fd6e8946ea7b291 \
    --hash=sha256:980450826cf22e133c57e0835070bdd0dd3f73b9b708c3ce223def2cb9469e14 \
    --hash=sha256:99ab6ba7bfa2cb0f96a04e3652355bf04e3f51aceb1e943b8541dab7ba4828cc \
    --hash=sha256:9af8905b8f854990e40d5206aa5ac58d9b0fe0b7f351ff2bb086c20f6c8c6a47 \
    --hash=sha256:9baffb505aff33acc69b422a19f77806680f3c8632227d79f48de8a810d1c2c5 \
    --hash=sha256:9cdddb6c1207d284d94fd1530adf57fbd797fe7c4b8704ba85f49414f2557e7d \
    --hash=sha256:9e25b7088f9ccbfc0dfcaa52bf969300ca229e10ecf758974ebcbb080a4b37bb \
    --hash=sha256:a04df86b3f0fade39ec8fd0e0aab089b1da9fbd2b48df778a57ef96f5e7d38df \
    --hash=sha256:a05fa4f41f37ec97c9c260441a940450a192f78d774d2b097eee1379f1e1246a \
    --hash=sha256:a2999883eedf72fdfb7520b92c7d4ec2572a71ff40239377aa604cc529eecafc \
    --hash=sha256:aad1bff7f666b9598e573815affd666aac6a13a585dde336f843e33350c7fadc \
    --hash=sha256:abe76bcdba31e576cb83eeb8797aa0d882b738fef6dc65d0601fc753806a5b46 \
    --hash=sha256:ad3773236e95f7f33991eb125224b7da66f206504d032a253a02da7e134519fb \
    --hash=sha256:af03e34e860047bc7a352b842856fcf78798fbb81132cc98bd2f907ab4eb9cd2 \
    --hash=sha256:b1b964e3ab599e718dc46c018d104b1ebc007cbc6567d827c94a687fca56d77e \
    --hash=sha256:b1be5c35683684d5331b93600c210e8367c254683d8a6df6bd21bd2da3a334fb \
    --hash=sha256:b317c87a13f769a4e787819bd508aaa5d69aa09b0880de9af6d3a8a54571cdec \
    --hash=sha256:b3cc20c0d800af78fd0fac68086e28c1856cec51ea528bb81ea851aa40d39325 \
    --hash=sha256:b4e4bc98639ec915f512fde3aa7a95e0041d95d9c3cc86eea841fa63cb1e8600 \
    --hash=sha256:b5c30f3f04eef4fbd362226a6f31d7c8895ca4fbb6e0b790f6890a98d8da8559 \
    --hash=sha256:b5f077b44a4f7808520f66dae234988d867deb9aed9be5da057ce9ba831b2a41 \
    --hash=sha256:b6825cc329b290e93c5f6a9be2393118a763f6ccf6abd83704e0c102ca583644 \
    --hash=sha256:b8d2f912928d426e8cfa396f7f3f8d29a59e6689c86dcca3c420730c1096322b \
    --hash=sha256:b95d5e11fc712b752081183a55a244c03cd00570489edd7014d8899f8ceb8162 \
    --hash=sha256:b9a6528956191c48c52294a592dbd4a8386d7048bdb25c0efcb6b966466c6d83 \
    --hash=sha256:ba05adbf15d994c38ec0b7ab32e858e5110c21e9009a00a86545fd220f84e038 \
    --hash=sha256:c0f920015df2a504bebaba6d4c31ccf3fcf942f92655c086da30b671aad19aa6 \
    --hash=sha256:c396c1304de421050b3681ea70f371874b54d41b0151e96109758144c231e30b \
    --hash=sha256:c39f5b67a8a2e67179ada2a954227d670fe65fa9098457f698f56ddf248709b3 \
    --hash=sha256:c3df104083952a0e0c6f10de33e440eabe98fb6317d23e1a58c68f6df08d01b9 \
    --hash=sha256:c74005a7bb87752acf351c93897ec63ad77a07a0da7ecad9c050e32e7286ba34 \
    --hash=sha256:c93c629be4636cf54337bd5f06c104d55e42ced54d681f6fe21ae510a65116f6 \
    --hash=sha256:ca653c6546386227cd9800d1bef6a348099acf8db4250341da6d90f663d6dfcb \
    --hash=sha256:cacedb7a6e167680acba45ad5716e89067d225dc80da0d7040cae8c81d4572fa \
    --hash=sha256:cc68e231a77a5f0d774ae278a1f8e55c0456501820847c1e4efb3829f3441df6 \
    --hash=sha256:ce87129d9f2c14fa6c4a8601fb80eb4488c80d38a20cd13758ef11123e14995d \
    --hash=sha256:cea68bcd53467561ae2f96a6bdad1544299ba97b5b0ddcd5ac3d376e5c781c24 \
    --hash=sha256:cef8ac28d26f4dda3533060c20fbf80a325458fa9fd23ea72a73cdfa8e978838 \
    --hash=sha256:d0efbe45632665e53e3db8fe1e5692db58fc5cb9bab4459d570b83efefe11164 \
    --hash=sha256:d3858b908218ee108d0bbfb2095ccc237648053c9bf98affad7cb079acaf1d97 \
    --hash=sha256:de42116e69cb53b911cc34aee5ab98f36c597b822545045d49e938818b99e5e4 \
    --hash=sha256:df1d2a1996755b24b9ecee92cb4d36c28f86f464a6a173349c26bab41e94b8c2 \
    --hash=sha256:e07be2a9d7122bd6e82dea89814ef8dc893feb1aae97fec1630f3263bbb30e55 \
    --hash=sha256:e0b360f316d966b048b085857630b3cc51f3db2f07b06f440eac8f695374d1e3 \
    --hash=sha256:e10464d17df3b582745c25cec695cb9558bca2cb6ddb631aee1787fc72c767b2 \
    --hash=sha256:e3a8ae58895ac107ed934a6bf51e5846f95c53b9b940c2c6d310838fd5846358 \
    --hash=sha256:e4abbf391a70be864920858bf360f4fb380577c9a0f732438a1996726e2c195b \
    --hash=sha256:eaaea962c68cdc68d4a533ba985ab8e9484277910bbfaa2ab3ef7732667bfed8 \
    --hash=sha256:ed0954b524873214369184a9c82b0eaa45a3fbb9a798cd95b17e0d98499e7ea0 \
    --hash=sha256:edf2765d84e42447f112ad877af8fe1db0089aaec5b28e88d6eab45e7fe99cea \
    --hash=sha256:ef1013a8625c74043210190b246f5b1551e09757c1f356c6e4160ef96c5bc081 \
    --hash=sha256:efef4ac29c6ff495531eb17ee705b62841ecaa291b7c7077e848ea03e237164d \
    --hash=sha256:f3a5b10e8ce894825f380a8f1b6444cf73c294dfea62afbb2d13e3a9e630cec1 \
    --hash=sha256:f3df3d16ded76f1f8c9cdebd0e1ea55fdf4c23b812de189814da7cf229c22a81 \
    --hash=sha256:f414556f6e3958300ff941e40c9f97e3dc9774ddd1b3434c475d73dd354bbed3 \
    --hash=sha256:fc09f82e63d4bcd58149572f857a431bae851dc747e313c3b5bdf7abb907fda8 \
    --hash=sha256:fc0c0f878ea770a0a8a462456c5ad36fc9fe6358e6b76fdadc7f17575e0b8bf1 \
    --hash=sha256:fe71bca7d547acb17027c7fd1624ff8aae623499c498d3e7011182c4de5c25e0 \
    --hash=sha256:fea6e836d10abbe191d557d33bd58bd5987725fe63aa1eefe557d230209855bd
    # via
    #   jsonschema
    #   referencing
typing-extensions==4.15.0 \
    --hash=sha256:0cea48d173cc12fa28ecabc3b837ea3cf6f38c6d1136f85cbaaf598984861466 \
    --hash=sha256:f0fa19c6845758ab08074a0cfa8b7aecb71c999ca73d62883bc25cc018c4e548
    # via referencing
urllib3==2.7.0 \
    --hash=sha256:231e0ec3b63ceb14667c67be60f2f2c40a518cb38b03af60abc813da26505f4c \
    --hash=sha256:9fb4c81ebbb1ce9531cce37674bbc6f1360472bc18ca9a553ede278ef7276897
    # via
    #   -r requirements.txt
    #   requests
